// !$*UTF8*$!
{
	archiveVersion = 1;
	classes = {
	};
	objectVersion = 56;
	objects = {

/* Begin PBXBuildFile section */
		5CA488D02B0A99850042D965 /* WorkTimeTrackerProApp.swift in Sources */ = {isa = PBXBuildFile; fileRef = 5CA488CF2B0A99850042D965 /* WorkTimeTrackerProApp.swift */; };
		5CA488D22B0A99850042D965 /* ContentView.swift in Sources */ = {isa = PBXBuildFile; fileRef = 5CA488D12B0A99850042D965 /* ContentView.swift */; };
		5CA488D42B0A99880042D965 /* Assets.xcassets in Resources */ = {isa = PBXBuildFile; fileRef = 5CA488D32B0A99880042D965 /* Assets.xcassets */; };
		5CA488D82B0A99880042D965 /* Preview Assets.xcassets in Resources */ = {isa = PBXBuildFile; fileRef = 5CA488D72B0A99880042D965 /* Preview Assets.xcassets */; };
		5CA488E22B0A99880042D965 /* WorkTimeTrackerProTests.swift in Sources */ = {isa = PBXBuildFile; fileRef = 5CA488E12B0A99880042D965 /* WorkTimeTrackerProTests.swift */; };
		5CA488EC2B0A99880042D965 /* WorkTimeTrackerProUITests.swift in Sources */ = {isa = PBXBuildFile; fileRef = 5CA488EB2B0A99880042D965 /* WorkTimeTrackerProUITests.swift */; };
		5CA488EE2B0A99880042D965 /* WorkTimeTrackerProUITestsLaunchTests.swift in Sources */ = {isa = PBXBuildFile; fileRef = 5CA488ED2B0A99880042D965 /* WorkTimeTrackerProUITestsLaunchTests.swift */; };
/* End PBXBuildFile section */

/* Begin PBXContainerItemProxy section */
		5CA488DE2B0A99880042D965 /* PBXContainerItemProxy */ = {
			isa = PBXContainerItemProxy;
			containerPortal = 5CA488C42B0A99850042D965 /* Project object */;
			proxyType = 1;
			remoteGlobalIDString = 5CA488CB2B0A99850042D965;
			remoteInfo = WorkTimeTrackerPro;
		};
		5CA488E82B0A99880042D965 /* PBXContainerItemProxy */ = {
			isa = PBXContainerItemProxy;
			containerPortal = 5CA488C42B0A99850042D965 /* Project object */;
			proxyType = 1;
			remoteGlobalIDString = 5CA488CB2B0A99850042D965;
			remoteInfo = WorkTimeTrackerPro;
		};
/* End PBXContainerItemProxy section */

/* Begin PBXFileReference section */
		5CA488CC2B0A99850042D965 /* WorkTimeTrackerPro.app */ = {isa = PBXFileReference; explicitFileType = wrapper.application; includeInIndex = 0; path = WorkTimeTrackerPro.app; sourceTree = BUILT_PRODUCTS_DIR; };
		5CA488CF2B0A99850042D965 /* WorkTimeTrackerProApp.swift */ = {isa = PBXFileReference; lastKnownFileType = sourcecode.swift; path = WorkTimeTrackerProApp.swift; sourceTree = "<group>"; };
		5CA488D12B0A99850042D965 /* ContentView.swift */ = {isa = PBXFileReference; lastKnownFileType = sourcecode.swift; path = ContentView.swift; sourceTree = "<group>"; };
		5CA488D32B0A99880042D965 /* Assets.xcassets */ = {isa = PBXFileReference; lastKnownFileType = folder.assetcatalog; path = Assets.xcassets; sourceTree = "<group>"; };
		5CA488D52B0A99880042D965 /* WorkTimeTrackerPro.entitlements */ = {isa = PBXFileReference; lastKnownFileType = text.plist.entitlements; path = WorkTimeTrackerPro.entitlements; sourceTree = "<group>"; };
		5CA488D72B0A99880042D965 /* Preview Assets.xcassets */ = {isa = PBXFileReference; lastKnownFileType = folder.assetcatalog; path = "Preview Assets.xcassets"; sourceTree = "<group>"; };
		5CA488DD2B0A99880042D965 /* WorkTimeTrackerProTests.xctest */ = {isa = PBXFileReference; explicitFileType = wrapper.cfbundle; includeInIndex = 0; path = WorkTimeTrackerProTests.xctest; sourceTree = BUILT_PRODUCTS_DIR; };
		5CA488E12B0A99880042D965 /* WorkTimeTrackerProTests.swift */ = {isa = PBXFileReference; lastKnownFileType = sourcecode.swift; path = WorkTimeTrackerProTests.swift; sourceTree = "<group>"; };
		5CA488E72B0A99880042D965 /* WorkTimeTrackerProUITests.xctest */ = {isa = PBXFileReference; explicitFileType = wrapper.cfbundle; includeInIndex = 0; path = WorkTimeTrackerProUITests.xctest; sourceTree = BUILT_PRODUCTS_DIR; };
		5CA488EB2B0A99880042D965 /* WorkTimeTrackerProUITests.swift */ = {isa = PBXFileReference; lastKnownFileType = sourcecode.swift; path = WorkTimeTrackerProUITests.swift; sourceTree = "<group>"; };
		5CA488ED2B0A99880042D965 /* WorkTimeTrackerProUITestsLaunchTests.swift */ = {isa = PBXFileReference; lastKnownFileType = sourcecode.swift; path = WorkTimeTrackerProUITestsLaunchTests.swift; sourceTree = "<group>"; };
/* End PBXFileReference section */

/* Begin PBXFrameworksBuildPhase section */
		5CA488C92B0A99850042D965 /* Frameworks */ = {
			isa = PBXFrameworksBuildPhase;
			buildActionMask = 2147483647;
			files = (
			);
			runOnlyForDeploymentPostprocessing = 0;
		};
		5CA488DA2B0A99880042D965 /* Frameworks */ = {
			isa = PBXFrameworksBuildPhase;
			buildActionMask = 2147483647;
			files = (
			);
			runOnlyForDeploymentPostprocessing = 0;
		};
		5CA488E42B0A99880042D965 /* Frameworks */ = {
			isa = PBXFrameworksBuildPhase;
			buildActionMask = 2147483647;
			files = (
			);
			runOnlyForDeploymentPostprocessing = 0;
		};
/* End PBXFrameworksBuildPhase section */

/* Begin PBXGroup section */
		5CA488C32B0A99850042D965 = {
			isa = PBXGroup;
			children = (
				5CA488CE2B0A99850042D965 /* WorkTimeTrackerPro */,
				5CA488E02B0A99880042D965 /* WorkTimeTrackerProTests */,
				5CA488EA2B0A99880042D965 /* WorkTimeTrackerProUITests */,
				5CA488CD2B0A99850042D965 /* Products */,
			);
			sourceTree = "<group>";
		};
		5CA488CD2B0A99850042D965 /* Products */ = {
			isa = PBXGroup;
			children = (
				5CA488CC2B0A99850042D965 /* WorkTimeTrackerPro.app */,
				5CA488DD2B0A99880042D965 /* WorkTimeTrackerProTests.xctest */,
				5CA488E72B0A99880042D965 /* WorkTimeTrackerProUITests.xctest */,
			);
			name = Products;
			sourceTree = "<group>";
		};
		5CA488CE2B0A99850042D965 /* WorkTimeTrackerPro */ = {
			isa = PBXGroup;
			children = (
				5CA488CF2B0A99850042D965 /* WorkTimeTrackerProApp.swift */,
				5CA488D12B0A99850042D965 /* ContentView.swift */,
				5CA488D32B0A99880042D965 /* Assets.xcassets */,
				5CA488D52B0A99880042D965 /* WorkTimeTrackerPro.entitlements */,
				5CA488D62B0A99880042D965 /* Preview Content */,
			);
			path = WorkTimeTrackerPro;
			sourceTree = "<group>";
		};
		5CA488D62B0A99880042D965 /* Preview Content */ = {
			isa = PBXGroup;
			children = (
				5CA488D72B0A99880042D965 /* Preview Assets.xcassets */,
			);
			path = "Preview Content";
			sourceTree = "<group>";
		};
		5CA488E02B0A99880042D965 /* WorkTimeTrackerProTests */ = {
			isa = PBXGroup;
			children = (
				5CA488E12B0A99880042D965 /* WorkTimeTrackerProTests.swift */,
			);
			path = WorkTimeTrackerProTests;
			sourceTree = "<group>";
		};
		5CA488EA2B0A99880042D965 /* WorkTimeTrackerProUITests */ = {
			isa = PBXGroup;
			children = (
				5CA488EB2B0A99880042D965 /* WorkTimeTrackerProUITests.swift */,
				5CA488ED2B0A99880042D965 /* WorkTimeTrackerProUITestsLaunchTests.swift */,
			);
			path = WorkTimeTrackerProUITests;
			sourceTree = "<group>";
		};
/* End PBXGroup section */

/* Begin PBXNativeTarget section */
		5CA488CB2B0A99850042D965 /* WorkTimeTrackerPro */ = {
			isa = PBXNativeTarget;
			buildConfigurationList = 5CA488F12B0A99880042D965 /* Build configuration list for PBXNativeTarget "WorkTimeTrackerPro" */;
			buildPhases = (
				5CA488C82B0A99850042D965 /* Sources */,
				5CA488C92B0A99850042D965 /* Frameworks */,
				5CA488CA2B0A99850042D965 /* Resources */,
			);
			buildRules = (
			);
			dependencies = (
			);
			name = WorkTimeTrackerPro;
			productName = WorkTimeTrackerPro;
			productReference = 5CA488CC2B0A99850042D965 /* WorkTimeTrackerPro.app */;
			productType = "com.apple.product-type.application";
		};
		5CA488DC2B0A99880042D965 /* WorkTimeTrackerProTests */ = {
			isa = PBXNativeTarget;
			buildConfigurationList = 5CA488F42B0A99880042D965 /* Build configuration list for PBXNativeTarget "WorkTimeTrackerProTests" */;
			buildPhases = (
				5CA488D92B0A99880042D965 /* Sources */,
				5CA488DA2B0A99880042D965 /* Frameworks */,
				5CA488DB2B0A99880042D965 /* Resources */,
			);
			buildRules = (
			);
			dependencies = (
				5CA488DF2B0A99880042D965 /* PBXTargetDependency */,
			);
			name = WorkTimeTrackerProTests;
			productName = WorkTimeTrackerProTests;
			productReference = 5CA488DD2B0A99880042D965 /* WorkTimeTrackerProTests.xctest */;
			productType = "com.apple.product-type.bundle.unit-test";
		};
		5CA488E62B0A99880042D965 /* WorkTimeTrackerProUITests */ = {
			isa = PBXNativeTarget;
			buildConfigurationList = 5CA488F72B0A99880042D965 /* Build configuration list for PBXNativeTarget "WorkTimeTrackerProUITests" */;
			buildPhases = (
				5CA488E32B0A99880042D965 /* Sources */,
				5CA488E42B0A99880042D965 /* Frameworks */,
				5CA488E52B0A99880042D965 /* Resources */,
			);
			buildRules = (
			);
			dependencies = (
				5CA488E92B0A99880042D965 /* PBXTargetDependency */,
			);
			name = WorkTimeTrackerProUITests;
			productName = WorkTimeTrackerProUITests;
			productReference = 5CA488E72B0A99880042D965 /* WorkTimeTrackerProUITests.xctest */;
			productType = "com.apple.product-type.bundle.ui-testing";
		};
/* End PBXNativeTarget section */

/* Begin PBXProject section */
		5CA488C42B0A99850042D965 /* Project object */ = {
			isa = PBXProject;
			attributes = {
				BuildIndependentTargetsInParallel = 1;
				LastSwiftUpdateCheck = 1500;
				LastUpgradeCheck = 1500;
				TargetAttributes = {
					5CA488CB2B0A99850042D965 = {
						CreatedOnToolsVersion = 15.0.1;
					};
					5CA488DC2B0A99880042D965 = {
						CreatedOnToolsVersion = 15.0.1;
						TestTargetID = 5CA488CB2B0A99850042D965;
					};
					5CA488E62B0A99880042D965 = {
						CreatedOnToolsVersion = 15.0.1;
						TestTargetID = 5CA488CB2B0A99850042D965;
					};
				};
			};
			buildConfigurationList = 5CA488C72B0A99850042D965 /* Build configuration list for PBXProject "WorkTimeTrackerPro" */;
			compatibilityVersion = "Xcode 14.0";
			developmentRegion = en;
			hasScannedForEncodings = 0;
			knownRegions = (
				en,
				Base,
			);
			mainGroup = 5CA488C32B0A99850042D965;
			productRefGroup = 5CA488CD2B0A99850042D965 /* Products */;
			projectDirPath = "";
			projectRoot = "";
			targets = (
				5CA488CB2B0A99850042D965 /* WorkTimeTrackerPro */,
				5CA488DC2B0A99880042D965 /* WorkTimeTrackerProTests */,
				5CA488E62B0A99880042D965 /* WorkTimeTrackerProUITests */,
			);
		};
/* End PBXProject section */

/* Begin PBXResourcesBuildPhase section */
		5CA488CA2B0A99850042D965 /* Resources */ = {
			isa = PBXResourcesBuildPhase;
			buildActionMask = 2147483647;
			files = (
				5CA488D82B0A99880042D965 /* Preview Assets.xcassets in Resources */,
				5CA488D42B0A99880042D965 /* Assets.xcassets in Resources */,
			);
			runOnlyForDeploymentPostprocessing = 0;
		};
		5CA488DB2B0A99880042D965 /* Resources */ = {
			isa = PBXResourcesBuildPhase;
			buildActionMask = 2147483647;
			files = (
			);
			runOnlyForDeploymentPostprocessing = 0;
		};
		5CA488E52B0A99880042D965 /* Resources */ = {
			isa = PBXResourcesBuildPhase;
			buildActionMask = 2147483647;
			files = (
			);
			runOnlyForDeploymentPostprocessing = 0;
		};
/* End PBXResourcesBuildPhase section */

/* Begin PBXSourcesBuildPhase section */
		5CA488C82B0A99850042D965 /* Sources */ = {
			isa = PBXSourcesBuildPhase;
			buildActionMask = 2147483647;
			files = (
				5CA488D22B0A99850042D965 /* ContentView.swift in Sources */,
				5CA488D02B0A99850042D965 /* WorkTimeTrackerProApp.swift in Sources */,
			);
			runOnlyForDeploymentPostprocessing = 0;
		};
		5CA488D92B0A99880042D965 /* Sources */ = {
			isa = PBXSourcesBuildPhase;
			buildActionMask = 2147483647;
			files = (
				5CA488E22B0A99880042D965 /* WorkTimeTrackerProTests.swift in Sources */,
			);
			runOnlyForDeploymentPostprocessing = 0;
		};
		5CA488E32B0A99880042D965 /* Sources */ = {
			isa = PBXSourcesBuildPhase;
			buildActionMask = 2147483647;
			files = (
				5CA488EC2B0A99880042D965 /* WorkTimeTrackerProUITests.swift in Sources */,
				5CA488EE2B0A99880042D965 /* WorkTimeTrackerProUITestsLaunchTests.swift in Sources */,
			);
			runOnlyForDeploymentPostprocessing = 0;
		};
/* End PBXSourcesBuildPhase section */

/* Begin PBXTargetDependency section */
		5CA488DF2B0A99880042D965 /* PBXTargetDependency */ = {
			isa = PBXTargetDependency;
			target = 5CA488CB2B0A99850042D965 /* WorkTimeTrackerPro */;
			targetProxy = 5CA488DE2B0A99880042D965 /* PBXContainerItemProxy */;
		};
		5CA488E92B0A99880042D965 /* PBXTargetDependency */ = {
			isa = PBXTargetDependency;
			target = 5CA488CB2B0A99850042D965 /* WorkTimeTrackerPro */;
			targetProxy = 5CA488E82B0A99880042D965 /* PBXContainerItemProxy */;
		};
/* End PBXTargetDependency section */

/* Begin XCBuildConfiguration section */
		5CA488EF2B0A99880042D965 /* Debug */ = {
			isa = XCBuildConfiguration;
			buildSettings = {
				ALWAYS_SEARCH_USER_PATHS = NO;
				ASSETCATALOG_COMPILER_GENERATE_SWIFT_ASSET_SYMBOL_EXTENSIONS = YES;
				CLANG_ANALYZER_NONNULL = YES;
				CLANG_ANALYZER_NUMBER_OBJECT_CONVERSION = YES_AGGRESSIVE;
				CLANG_CXX_LANGUAGE_STANDARD = "gnu++20";
				CLANG_ENABLE_MODULES = YES;
				CLANG_ENABLE_OBJC_ARC = YES;
				CLANG_ENABLE_OBJC_WEAK = YES;
				CLANG_WARN_BLOCK_CAPTURE_AUTORELEASING = YES;
				CLANG_WARN_BOOL_CONVERSION = YES;
				CLANG_WARN_COMMA = YES;
				CLANG_WARN_CONSTANT_CONVERSION = YES;
				CLANG_WARN_DEPRECATED_OBJC_IMPLEMENTATIONS = YES;
				CLANG_WARN_DIRECT_OBJC_ISA_USAGE = YES_ERROR;
				CLANG_WARN_DOCUMENTATION_COMMENTS = YES;
				CLANG_WARN_EMPTY_BODY = YES;
				CLANG_WARN_ENUM_CONVERSION = YES;
				CLANG_WARN_INFINITE_RECURSION = YES;
				CLANG_WARN_INT_CONVERSION = YES;
				CLANG_WARN_NON_LITERAL_NULL_CONVERSION = YES;
				CLANG_WARN_OBJC_IMPLICIT_RETAIN_SELF = YES;
				CLANG_WARN_OBJC_LITERAL_CONVERSION = YES;
				CLANG_WARN_OBJC_ROOT_CLASS = YES_ERROR;
				CLANG_WARN_QUOTED_INCLUDE_IN_FRAMEWORK_HEADER = YES;
				CLANG_WARN_RANGE_LOOP_ANALYSIS = YES;
				CLANG_WARN_STRICT_PROTOTYPES = YES;
				CLANG_WARN_SUSPICIOUS_MOVE = YES;
				CLANG_WARN_UNGUARDED_AVAILABILITY = YES_AGGRESSIVE;
				CLANG_WARN_UNREACHABLE_CODE = YES;
				CLANG_WARN__DUPLICATE_METHOD_MATCH = YES;
				COPY_PHASE_STRIP = NO;
				DEBUG_INFORMATION_FORMAT = dwarf;
				ENABLE_STRICT_OBJC_MSGSEND = YES;
				ENABLE_TESTABILITY = YES;
				ENABLE_USER_SCRIPT_SANDBOXING = YES;
				GCC_C_LANGUAGE_STANDARD = gnu17;
				GCC_DYNAMIC_NO_PIC = NO;
				GCC_NO_COMMON_BLOCKS = YES;
				GCC_OPTIMIZATION_LEVEL = 0;
				GCC_PREPROCESSOR_DEFINITIONS = (
					"DEBUG=1",
					"$(inherited)",
				);
				GCC_WARN_64_TO_32_BIT_CONVERSION = YES;
				GCC_WARN_ABOUT_RETURN_TYPE = YES_ERROR;
				GCC_WARN_UNDECLARED_SELECTOR = YES;
				GCC_WARN_UNINITIALIZED_AUTOS = YES_AGGRESSIVE;
				GCC_WARN_UNUSED_FUNCTION = YES;
				GCC_WARN_UNUSED_VARIABLE = YES;
				LOCALIZATION_PREFERS_STRING_CATALOGS = YES;
				MTL_ENABLE_DEBUG_INFO = INCLUDE_SOURCE;
				MTL_FAST_MATH = YES;
				ONLY_ACTIVE_ARCH = YES;
				SWIFT_ACTIVE_COMPILATION_CONDITIONS = "DEBUG $(inherited)";
				SWIFT_OPTIMIZATION_LEVEL = "-Onone";
			};
			name = Debug;
		};
		5CA488F02B0A99880042D965 /* Release */ = {
			isa = XCBuildConfiguration;
			buildSettings = {
				ALWAYS_SEARCH_USER_PATHS = NO;
				ASSETCATALOG_COMPILER_GENERATE_SWIFT_ASSET_SYMBOL_EXTENSIONS = YES;
				CLANG_ANALYZER_NONNULL = YES;
				CLANG_ANALYZER_NUMBER_OBJECT_CONVERSION = YES_AGGRESSIVE;
				CLANG_CXX_LANGUAGE_STANDARD = "gnu++20";
				CLANG_ENABLE_MODULES = YES;
				CLANG_ENABLE_OBJC_ARC = YES;
				CLANG_ENABLE_OBJC_WEAK = YES;
				CLANG_WARN_BLOCK_CAPTURE_AUTORELEASING = YES;
				CLANG_WARN_BOOL_CONVERSION = YES;
				CLANG_WARN_COMMA = YES;
				CLANG_WARN_CONSTANT_CONVERSION = YES;
				CLANG_WARN_DEPRECATED_OBJC_IMPLEMENTATIONS = YES;
				CLANG_WARN_DIRECT_OBJC_ISA_USAGE = YES_ERROR;
				CLANG_WARN_DOCUMENTATION_COMMENTS = YES;
				CLANG_WARN_EMPTY_BODY = YES;
				CLANG_WARN_ENUM_CONVERSION = YES;
				CLANG_WARN_INFINITE_RECURSION = YES;
				CLANG_WARN_INT_CONVERSION = YES;
				CLANG_WARN_NON_LITERAL_NULL_CONVERSION = YES;
				CLANG_WARN_OBJC_IMPLICIT_RETAIN_SELF = YES;
				CLANG_WARN_OBJC_LITERAL_CONVERSION = YES;
				CLANG_WARN_OBJC_ROOT_CLASS = YES_ERROR;
				CLANG_WARN_QUOTED_INCLUDE_IN_FRAMEWORK_HEADER = YES;
				CLANG_WARN_RANGE_LOOP_ANALYSIS = YES;
				CLANG_WARN_STRICT_PROTOTYPES = YES;
				CLANG_WARN_SUSPICIOUS_MOVE = YES;
				CLANG_WARN_UNGUARDED_AVAILABILITY = YES_AGGRESSIVE;
				CLANG_WARN_UNREACHABLE_CODE = YES;
				CLANG_WARN__DUPLICATE_METHOD_MATCH = YES;
				COPY_PHASE_STRIP = NO;
				DEBUG_INFORMATION_FORMAT = "dwarf-with-dsym";
				ENABLE_NS_ASSERTIONS = NO;
				ENABLE_STRICT_OBJC_MSGSEND = YES;
				ENABLE_USER_SCRIPT_SANDBOXING = YES;
				GCC_C_LANGUAGE_STANDARD = gnu17;
				GCC_NO_COMMON_BLOCKS = YES;
				GCC_WARN_64_TO_32_BIT_CONVERSION = YES;
				GCC_WARN_ABOUT_RETURN_TYPE = YES_ERROR;
				GCC_WARN_UNDECLARED_SELECTOR = YES;
				GCC_WARN_UNINITIALIZED_AUTOS = YES_AGGRESSIVE;
				GCC_WARN_UNUSED_FUNCTION = YES;
				GCC_WARN_UNUSED_VARIABLE = YES;
				LOCALIZATION_PREFERS_STRING_CATALOGS = YES;
				MTL_ENABLE_DEBUG_INFO = NO;
				MTL_FAST_MATH = YES;
				SWIFT_COMPILATION_MODE = wholemodule;
			};
			name = Release;
		};
		5CA488F22B0A99880042D965 /* Debug */ = {
			isa = XCBuildConfiguration;
			buildSettings = {
				ASSETCATALOG_COMPILER_APPICON_NAME = AppIcon;
				ASSETCATALOG_COMPILER_GLOBAL_ACCENT_COLOR_NAME = AccentColor;
				CODE_SIGN_ENTITLEMENTS = WorkTimeTrackerPro/WorkTimeTrackerPro.entitlements;
				CODE_SIGN_STYLE = Automatic;
				CURRENT_PROJECT_VERSION = 1;
				DEVELOPMENT_ASSET_PATHS = "\"WorkTimeTrackerPro/Preview Content\"";
				DEVELOPMENT_TEAM = KCJY343223;
				ENABLE_HARDENED_RUNTIME = YES;
				ENABLE_PREVIEWS = YES;
				GENERATE_INFOPLIST_FILE = YES;
				"INFOPLIST_KEY_UIApplicationSceneManifest_Generation[sdk=iphoneos*]" = YES;
				"INFOPLIST_KEY_UIApplicationSceneManifest_Generation[sdk=iphonesimulator*]" = YES;
				"INFOPLIST_KEY_UIApplicationSupportsIndirectInputEvents[sdk=iphoneos*]" = YES;
				"INFOPLIST_KEY_UIApplicationSupportsIndirectInputEvents[sdk=iphonesimulator*]" = YES;
				"INFOPLIST_KEY_UILaunchScreen_Generation[sdk=iphoneos*]" = YES;
				"INFOPLIST_KEY_UILaunchScreen_Generation[sdk=iphonesimulator*]" = YES;
				"INFOPLIST_KEY_UIStatusBarStyle[sdk=iphoneos*]" = UIStatusBarStyleDefault;
				"INFOPLIST_KEY_UIStatusBarStyle[sdk=iphonesimulator*]" = UIStatusBarStyleDefault;
				INFOPLIST_KEY_UISupportedInterfaceOrientations_iPad = "UIInterfaceOrientationPortrait UIInterfaceOrientationPortraitUpsideDown UIInterfaceOrientationLandscapeLeft UIInterfaceOrientationLandscapeRight";
				INFOPLIST_KEY_UISupportedInterfaceOrientations_iPhone = "UIInterfaceOrientationPortrait UIInterfaceOrientationLandscapeLeft UIInterfaceOrientationLandscapeRight";
				IPHONEOS_DEPLOYMENT_TARGET = 17.0;
				LD_RUNPATH_SEARCH_PATHS = "@executable_path/Frameworks";
				"LD_RUNPATH_SEARCH_PATHS[sdk=macosx*]" = "@executable_path/../Frameworks";
				MACOSX_DEPLOYMENT_TARGET = 14.0;
				MARKETING_VERSION = 1.0;
				PRODUCT_BUNDLE_IDENTIFIER = com.WorkTimeTrackerPro;
				PRODUCT_NAME = "$(TARGET_NAME)";
				SDKROOT = auto;
				SUPPORTED_PLATFORMS = "iphoneos iphonesimulator macosx";
				SWIFT_EMIT_LOC_STRINGS = YES;
				SWIFT_VERSION = 5.0;
				TARGETED_DEVICE_FAMILY = "1,2";
			};
			name = Debug;
		};
		5CA488F32B0A99880042D965 /* Release */ = {
			isa = XCBuildConfiguration;
			buildSettings = {
				ASSETCATALOG_COMPILER_APPICON_NAME = AppIcon;
				ASSETCATALOG_COMPILER_GLOBAL_ACCENT_COLOR_NAME = AccentColor;
				CODE_SIGN_ENTITLEMENTS = WorkTimeTrackerPro/WorkTimeTrackerPro.entitlements;
				CODE_SIGN_STYLE = Automatic;
				CURRENT_PROJECT_VERSION = 1;
				DEVELOPMENT_ASSET_PATHS = "\"WorkTimeTrackerPro/Preview Content\"";
				DEVELOPMENT_TEAM = KCJY343223;
				ENABLE_HARDENED_RUNTIME = YES;
				ENABLE_PREVIEWS = YES;
				GENERATE_INFOPLIST_FILE = YES;
				"INFOPLIST_KEY_UIApplicationSceneManifest_Generation[sdk=iphoneos*]" = YES;
				"INFOPLIST_KEY_UIApplicationSceneManifest_Generation[sdk=iphonesimulator*]" = YES;
				"INFOPLIST_KEY_UIApplicationSupportsIndirectInputEvents[sdk=iphoneos*]" = YES;
				"INFOPLIST_KEY_UIApplicationSupportsIndirectInputEvents[sdk=iphonesimulator*]" = YES;
				"INFOPLIST_KEY_UILaunchScreen_Generation[sdk=iphoneos*]" = YES;
				"INFOPLIST_KEY_UILaunchScreen_Generation[sdk=iphonesimulator*]" = YES;
				"INFOPLIST_KEY_UIStatusBarStyle[sdk=iphoneos*]" = UIStatusBarStyleDefault;
				"INFOPLIST_KEY_UIStatusBarStyle[sdk=iphonesimulator*]" = UIStatusBarStyleDefault;
				INFOPLIST_KEY_UISupportedInterfaceOrientations_iPad = "UIInterfaceOrientationPortrait UIInterfaceOrientationPortraitUpsideDown UIInterfaceOrientationLandscapeLeft UIInterfaceOrientationLandscapeRight";
				INFOPLIST_KEY_UISupportedInterfaceOrientations_iPhone = "UIInterfaceOrientationPortrait UIInterfaceOrientationLandscapeLeft UIInterfaceOrientationLandscapeRight";
				IPHONEOS_DEPLOYMENT_TARGET = 17.0;
				LD_RUNPATH_SEARCH_PATHS = "@executable_path/Frameworks";
				"LD_RUNPATH_SEARCH_PATHS[sdk=macosx*]" = "@executable_path/../Frameworks";
				MACOSX_DEPLOYMENT_TARGET = 14.0;
				MARKETING_VERSION = 1.0;
				PRODUCT_BUNDLE_IDENTIFIER = com.WorkTimeTrackerPro;
				PRODUCT_NAME = "$(TARGET_NAME)";
				SDKROOT = auto;
				SUPPORTED_PLATFORMS = "iphoneos iphonesimulator macosx";
				SWIFT_EMIT_LOC_STRINGS = YES;
				SWIFT_VERSION = 5.0;
				TARGETED_DEVICE_FAMILY = "1,2";
			};
			name = Release;
		};
		5CA488F52B0A99880042D965 /* Debug */ = {
			isa = XCBuildConfiguration;
			buildSettings = {
				ALWAYS_EMBED_SWIFT_STANDARD_LIBRARIES = YES;
				BUNDLE_LOADER = "$(TEST_HOST)";
				CODE_SIGN_STYLE = Automatic;
				CURRENT_PROJECT_VERSION = 1;
				DEVELOPMENT_TEAM = KCJY343223;
				GENERATE_INFOPLIST_FILE = YES;
				IPHONEOS_DEPLOYMENT_TARGET = 17.0;
				MACOSX_DEPLOYMENT_TARGET = 14.0;
				MARKETING_VERSION = 1.0;
				PRODUCT_BUNDLE_IDENTIFIER = com.WorkTimeTrackerProTests;
				PRODUCT_NAME = "$(TARGET_NAME)";
				SDKROOT = auto;
				SUPPORTED_PLATFORMS = "iphoneos iphonesimulator macosx";
				SWIFT_EMIT_LOC_STRINGS = NO;
				SWIFT_VERSION = 5.0;
				TARGETED_DEVICE_FAMILY = "1,2";
				TEST_HOST = "$(BUILT_PRODUCTS_DIR)/WorkTimeTrackerPro.app/$(BUNDLE_EXECUTABLE_FOLDER_PATH)/WorkTimeTrackerPro";
			};
			name = Debug;
		};
		5CA488F62B0A99880042D965 /* Release */ = {
			isa = XCBuildConfiguration;
			buildSettings = {
				ALWAYS_EMBED_SWIFT_STANDARD_LIBRARIES = YES;
				BUNDLE_LOADER = "$(TEST_HOST)";
				CODE_SIGN_STYLE = Automatic;
				CURRENT_PROJECT_VERSION = 1;
				DEVELOPMENT_TEAM = KCJY343223;
				GENERATE_INFOPLIST_FILE = YES;
				IPHONEOS_DEPLOYMENT_TARGET = 17.0;
				MACOSX_DEPLOYMENT_TARGET = 14.0;
				MARKETING_VERSION = 1.0;
				PRODUCT_BUNDLE_IDENTIFIER = com.WorkTimeTrackerProTests;
				PRODUCT_NAME = "$(TARGET_NAME)";
				SDKROOT = auto;
				SUPPORTED_PLATFORMS = "iphoneos iphonesimulator macosx";
				SWIFT_EMIT_LOC_STRINGS = NO;
				SWIFT_VERSION = 5.0;
				TARGETED_DEVICE_FAMILY = "1,2";
				TEST_HOST = "$(BUILT_PRODUCTS_DIR)/WorkTimeTrackerPro.app/$(BUNDLE_EXECUTABLE_FOLDER_PATH)/WorkTimeTrackerPro";
			};
			name = Release;
		};
		5CA488F82B0A99880042D965 /* Debug */ = {
			isa = XCBuildConfiguration;
			buildSettings = {
				ALWAYS_EMBED_SWIFT_STANDARD_LIBRARIES = YES;
				CODE_SIGN_STYLE = Automatic;
				CURRENT_PROJECT_VERSION = 1;
				DEVELOPMENT_TEAM = KCJY343223;
				GENERATE_INFOPLIST_FILE = YES;
				IPHONEOS_DEPLOYMENT_TARGET = 17.0;
				MACOSX_DEPLOYMENT_TARGET = 14.0;
				MARKETING_VERSION = 1.0;
				PRODUCT_BUNDLE_IDENTIFIER = com.WorkTimeTrackerProUITests;
				PRODUCT_NAME = "$(TARGET_NAME)";
				SDKROOT = auto;
				SUPPORTED_PLATFORMS = "iphoneos iphonesimulator macosx";
				SWIFT_EMIT_LOC_STRINGS = NO;
				SWIFT_VERSION = 5.0;
				TARGETED_DEVICE_FAMILY = "1,2";
				TEST_TARGET_NAME = WorkTimeTrackerPro;
			};
			name = Debug;
		};
		5CA488F92B0A99880042D965 /* Release */ = {
			isa = XCBuildConfiguration;
			buildSettings = {
				ALWAYS_EMBED_SWIFT_STANDARD_LIBRARIES = YES;
				CODE_SIGN_STYLE = Automatic;
				CURRENT_PROJECT_VERSION = 1;
				DEVELOPMENT_TEAM = KCJY343223;
				GENERATE_INFOPLIST_FILE = YES;
				IPHONEOS_DEPLOYMENT_TARGET = 17.0;
				MACOSX_DEPLOYMENT_TARGET = 14.0;
				MARKETING_VERSION = 1.0;
				PRODUCT_BUNDLE_IDENTIFIER = com.WorkTimeTrackerProUITests;
				PRODUCT_NAME = "$(TARGET_NAME)";
				SDKROOT = auto;
				SUPPORTED_PLATFORMS = "iphoneos iphonesimulator macosx";
				SWIFT_EMIT_LOC_STRINGS = NO;
				SWIFT_VERSION = 5.0;
				TARGETED_DEVICE_FAMILY = "1,2";
				TEST_TARGET_NAME = WorkTimeTrackerPro;
			};
			name = Release;
		};
/* End XCBuildConfiguration section */

/* Begin XCConfigurationList section */
		5CA488C72B0A99850042D965 /* Build configuration list for PBXProject "WorkTimeTrackerPro" */ = {
			isa = XCConfigurationList;
			buildConfigurations = (
				5CA488EF2B0A99880042D965 /* Debug */,
				5CA488F02B0A99880042D965 /* Release */,
			);
			defaultConfigurationIsVisible = 0;
			defaultConfigurationName = Release;
		};
		5CA488F12B0A99880042D965 /* Build configuration list for PBXNativeTarget "WorkTimeTrackerPro" */ = {
			isa = XCConfigurationList;
			buildConfigurations = (
				5CA488F22B0A99880042D965 /* Debug */,
				5CA488F32B0A99880042D965 /* Release */,
			);
			defaultConfigurationIsVisible = 0;
			defaultConfigurationName = Release;
		};
		5CA488F42B0A99880042D965 /* Build configuration list for PBXNativeTarget "WorkTimeTrackerProTests" */ = {
			isa = XCConfigurationList;
			buildConfigurations = (
				5CA488F52B0A99880042D965 /* Debug */,
				5CA488F62B0A99880042D965 /* Release */,
			);
			defaultConfigurationIsVisible = 0;
			defaultConfigurationName = Release;
		};
		5CA488F72B0A99880042D965 /* Build configuration list for PBXNativeTarget "WorkTimeTrackerProUITests" */ = {
			isa = XCConfigurationList;
			buildConfigurations = (
				5CA488F82B0A99880042D965 /* Debug */,
				5CA488F92B0A99880042D965 /* Release */,
			);
			defaultConfigurationIsVisible = 0;
			defaultConfigurationName = Release;
		};
/* End XCConfigurationList section */
	};
	rootObject = 5CA488C42B0A99850042D965 /* Project object */;
}
